
Microsoft Visual Studio Solution File, Format Version 12.00
Project("{FAE04EC0-301F-11D3-BF4B-00C04F79EFBC}") = "McApp", "McApp\McApp.csproj", "{B26D967D-EC30-44A8-9315-1E83B68E825F}"
EndProject
Global
	GlobalSection(SolutionConfigurationPlatforms) = preSolution
		Debug|Any CPU = Debug|Any CPU
		Release|Any CPU = Release|Any CPU
	EndGlobalSection
	GlobalSection(ProjectConfigurationPlatforms) = postSolution
		{B26D967D-EC30-44A8-9315-1E83B68E825F}.Debug|Any CPU.ActiveCfg = Debug|Any CPU
		{B26D967D-EC30-44A8-9315-1E83B68E825F}.Debug|Any CPU.Build.0 = Debug|Any CPU
		{B26D967D-EC30-44A8-9315-1E83B68E825F}.Release|Any CPU.ActiveCfg = Release|Any CPU
		{B26D967D-EC30-44A8-9315-1E83B68E825F}.Release|Any CPU.Build.0 = Release|Any CPU
	EndGlobalSection
EndGlobal
